// !$*UTF8*$!
{
	archiveVersion = 1;
	classes = {
	};
	objectVersion = 77;
	objects = {

/* Begin PBXContainerItemProxy section */
		71E26F552D6C4C4F000A7CBF /* PBXContainerItemProxy */ = {
			isa = PBXContainerItemProxy;
			containerPortal = 71E26F332D6C4C4D000A7CBF /* Project object */;
			proxyType = 1;
			remoteGlobalIDString = 71E26F3A2D6C4C4D000A7CBF;
			remoteInfo = duoHome;
		};
		71E26F5F2D6C4C4F000A7CBF /* PBXContainerItemProxy */ = {
			isa = PBXContainerItemProxy;
			containerPortal = 71E26F332D6C4C4D000A7CBF /* Project object */;
			proxyType = 1;
			remoteGlobalIDString = 71E26F3A2D6C4C4D000A7CBF;
			remoteInfo = duoHome;
		};
/* End PBXContainerItemProxy section */

/* Begin PBXFileReference section */
		71E26F3B2D6C4C4D000A7CBF /* duoHome.app */ = {isa = PBXFileReference; explicitFileType = wrapper.application; includeInIndex = 0; path = duoHome.app; sourceTree = BUILT_PRODUCTS_DIR; };
		71E26F542D6C4C4F000A7CBF /* duoHomeTests.xctest */ = {isa = PBXFileReference; explicitFileType = wrapper.cfbundle; includeInIndex = 0; path = duoHomeTests.xctest; sourceTree = BUILT_PRODUCTS_DIR; };
		71E26F5E2D6C4C4F000A7CBF /* duoHomeUITests.xctest */ = {isa = PBXFileReference; explicitFileType = wrapper.cfbundle; includeInIndex = 0; path = duoHomeUITests.xctest; sourceTree = BUILT_PRODUCTS_DIR; };
/* End PBXFileReference section */

/* Begin PBXFileSystemSynchronizedBuildFileExceptionSet section */
		71E26F662D6C4C4F000A7CBF /* Exceptions for "duoHome" folder in "duoHome" target */ = {
			isa = PBXFileSystemSynchronizedBuildFileExceptionSet;
			membershipExceptions = (
				Info.plist,
			);
			target = 71E26F3A2D6C4C4D000A7CBF /* duoHome */;
		};
/* End PBXFileSystemSynchronizedBuildFileExceptionSet section */

/* Begin PBXFileSystemSynchronizedRootGroup section */
		71E26F3D2D6C4C4D000A7CBF /* duoHome */ = {
			isa = PBXFileSystemSynchronizedRootGroup;
			exceptions = (
				71E26F662D6C4C4F000A7CBF /* Exceptions for "duoHome" folder in "duoHome" target */,
			);
			path = duoHome;
			sourceTree = "<group>";
		};
		71E26F572D6C4C4F000A7CBF /* duoHomeTests */ = {
			isa = PBXFileSystemSynchronizedRootGroup;
			path = duoHomeTests;
			sourceTree = "<group>";
		};
		71E26F612D6C4C4F000A7CBF /* duoHomeUITests */ = {
			isa = PBXFileSystemSynchronizedRootGroup;
			path = duoHomeUITests;
			sourceTree = "<group>";
		};
/* End PBXFileSystemSynchronizedRootGroup section */

/* Begin PBXFrameworksBuildPhase section */
		71E26F382D6C4C4D000A7CBF /* Frameworks */ = {
			isa = PBXFrameworksBuildPhase;
			buildActionMask = 2147483647;
			files = (
			);
			runOnlyForDeploymentPostprocessing = 0;
		};
		71E26F512D6C4C4F000A7CBF /* Frameworks */ = {
			isa = PBXFrameworksBuildPhase;
			buildActionMask = 2147483647;
			files = (
			);
			runOnlyForDeploymentPostprocessing = 0;
		};
		71E26F5B2D6C4C4F000A7CBF /* Frameworks */ = {
			isa = PBXFrameworksBuildPhase;
			buildActionMask = 2147483647;
			files = (
			);
			runOnlyForDeploymentPostprocessing = 0;
		};
/* End PBXFrameworksBuildPhase section */

/* Begin PBXGroup section */
		71E26F322D6C4C4D000A7CBF = {
			isa = PBXGroup;
			children = (
				71E26F3D2D6C4C4D000A7CBF /* duoHome */,
				71E26F572D6C4C4F000A7CBF /* duoHomeTests */,
				71E26F612D6C4C4F000A7CBF /* duoHomeUITests */,
				71E26F3C2D6C4C4D000A7CBF /* Products */,
			);
			sourceTree = "<group>";
		};
		71E26F3C2D6C4C4D000A7CBF /* Products */ = {
			isa = PBXGroup;
			children = (
				71E26F3B2D6C4C4D000A7CBF /* duoHome.app */,
				71E26F542D6C4C4F000A7CBF /* duoHomeTests.xctest */,
				71E26F5E2D6C4C4F000A7CBF /* duoHomeUITests.xctest */,
			);
			name = Products;
			sourceTree = "<group>";
		};
/* End PBXGroup section */

/* Begin PBXNativeTarget section */
		71E26F3A2D6C4C4D000A7CBF /* duoHome */ = {
			isa = PBXNativeTarget;
			buildConfigurationList = 71E26F672D6C4C4F000A7CBF /* Build configuration list for PBXNativeTarget "duoHome" */;
			buildPhases = (
				71E26F372D6C4C4D000A7CBF /* Sources */,
				71E26F382D6C4C4D000A7CBF /* Frameworks */,
				71E26F392D6C4C4D000A7CBF /* Resources */,
			);
			buildRules = (
			);
			dependencies = (
			);
			fileSystemSynchronizedGroups = (
				71E26F3D2D6C4C4D000A7CBF /* duoHome */,
			);
			name = duoHome;
			packageProductDependencies = (
			);
			productName = duoHome;
			productReference = 71E26F3B2D6C4C4D000A7CBF /* duoHome.app */;
			productType = "com.apple.product-type.application";
		};
		71E26F532D6C4C4F000A7CBF /* duoHomeTests */ = {
			isa = PBXNativeTarget;
			buildConfigurationList = 71E26F6C2D6C4C4F000A7CBF /* Build configuration list for PBXNativeTarget "duoHomeTests" */;
			buildPhases = (
				71E26F502D6C4C4F000A7CBF /* Sources */,
				71E26F512D6C4C4F000A7CBF /* Frameworks */,
				71E26F522D6C4C4F000A7CBF /* Resources */,
			);
			buildRules = (
			);
			dependencies = (
				71E26F562D6C4C4F000A7CBF /* PBXTargetDependency */,
			);
			fileSystemSynchronizedGroups = (
				71E26F572D6C4C4F000A7CBF /* duoHomeTests */,
			);
			name = duoHomeTests;
			packageProductDependencies = (
			);
			productName = duoHomeTests;
			productReference = 71E26F542D6C4C4F000A7CBF /* duoHomeTests.xctest */;
			productType = "com.apple.product-type.bundle.unit-test";
		};
		71E26F5D2D6C4C4F000A7CBF /* duoHomeUITests */ = {
			isa = PBXNativeTarget;
			buildConfigurationList = 71E26F6F2D6C4C4F000A7CBF /* Build configuration list for PBXNativeTarget "duoHomeUITests" */;
			buildPhases = (
				71E26F5A2D6C4C4F000A7CBF /* Sources */,
				71E26F5B2D6C4C4F000A7CBF /* Frameworks */,
				71E26F5C2D6C4C4F000A7CBF /* Resources */,
			);
			buildRules = (
			);
			dependencies = (
				71E26F602D6C4C4F000A7CBF /* PBXTargetDependency */,
			);
			fileSystemSynchronizedGroups = (
				71E26F612D6C4C4F000A7CBF /* duoHomeUITests */,
			);
			name = duoHomeUITests;
			packageProductDependencies = (
			);
			productName = duoHomeUITests;
			productReference = 71E26F5E2D6C4C4F000A7CBF /* duoHomeUITests.xctest */;
			productType = "com.apple.product-type.bundle.ui-testing";
		};
/* End PBXNativeTarget section */

/* Begin PBXProject section */
		71E26F332D6C4C4D000A7CBF /* Project object */ = {
			isa = PBXProject;
			attributes = {
				BuildIndependentTargetsInParallel = 1;
				LastSwiftUpdateCheck = 1610;
				LastUpgradeCheck = 1610;
				TargetAttributes = {
					71E26F3A2D6C4C4D000A7CBF = {
						CreatedOnToolsVersion = 16.1;
					};
					71E26F532D6C4C4F000A7CBF = {
						CreatedOnToolsVersion = 16.1;
						TestTargetID = 71E26F3A2D6C4C4D000A7CBF;
					};
					71E26F5D2D6C4C4F000A7CBF = {
						CreatedOnToolsVersion = 16.1;
						TestTargetID = 71E26F3A2D6C4C4D000A7CBF;
					};
				};
			};
			buildConfigurationList = 71E26F362D6C4C4D000A7CBF /* Build configuration list for PBXProject "duoHome" */;
			developmentRegion = en;
			hasScannedForEncodings = 0;
			knownRegions = (
				en,
				Base,
			);
			mainGroup = 71E26F322D6C4C4D000A7CBF;
			minimizedProjectReferenceProxies = 1;
			preferredProjectObjectVersion = 77;
			productRefGroup = 71E26F3C2D6C4C4D000A7CBF /* Products */;
			projectDirPath = "";
			projectRoot = "";
			targets = (
				71E26F3A2D6C4C4D000A7CBF /* duoHome */,
				71E26F532D6C4C4F000A7CBF /* duoHomeTests */,
				71E26F5D2D6C4C4F000A7CBF /* duoHomeUITests */,
			);
		};
/* End PBXProject section */

/* Begin PBXResourcesBuildPhase section */
		71E26F392D6C4C4D000A7CBF /* Resources */ = {
			isa = PBXResourcesBuildPhase;
			buildActionMask = 2147483647;
			files = (
			);
			runOnlyForDeploymentPostprocessing = 0;
		};
		71E26F522D6C4C4F000A7CBF /* Resources */ = {
			isa = PBXResourcesBuildPhase;
			buildActionMask = 2147483647;
			files = (
			);
			runOnlyForDeploymentPostprocessing = 0;
		};
		71E26F5C2D6C4C4F000A7CBF /* Resources */ = {
			isa = PBXResourcesBuildPhase;
			buildActionMask = 2147483647;
			files = (
			);
			runOnlyForDeploymentPostprocessing = 0;
		};
/* End PBXResourcesBuildPhase section */

/* Begin PBXSourcesBuildPhase section */
		71E26F372D6C4C4D000A7CBF /* Sources */ = {
			isa = PBXSourcesBuildPhase;
			buildActionMask = 2147483647;
			files = (
			);
			runOnlyForDeploymentPostprocessing = 0;
		};
		71E26F502D6C4C4F000A7CBF /* Sources */ = {
			isa = PBXSourcesBuildPhase;
			buildActionMask = 2147483647;
			files = (
			);
			runOnlyForDeploymentPostprocessing = 0;
		};
		71E26F5A2D6C4C4F000A7CBF /* Sources */ = {
			isa = PBXSourcesBuildPhase;
			buildActionMask = 2147483647;
			files = (
			);
			runOnlyForDeploymentPostprocessing = 0;
		};
/* End PBXSourcesBuildPhase section */

/* Begin PBXTargetDependency section */
		71E26F562D6C4C4F000A7CBF /* PBXTargetDependency */ = {
			isa = PBXTargetDependency;
			target = 71E26F3A2D6C4C4D000A7CBF /* duoHome */;
			targetProxy = 71E26F552D6C4C4F000A7CBF /* PBXContainerItemProxy */;
		};
		71E26F602D6C4C4F000A7CBF /* PBXTargetDependency */ = {
			isa = PBXTargetDependency;
			target = 71E26F3A2D6C4C4D000A7CBF /* duoHome */;
			targetProxy = 71E26F5F2D6C4C4F000A7CBF /* PBXContainerItemProxy */;
		};
/* End PBXTargetDependency section */

/* Begin XCBuildConfiguration section */
		71E26F682D6C4C4F000A7CBF /* Debug */ = {
			isa = XCBuildConfiguration;
			buildSettings = {
				ASSETCATALOG_COMPILER_APPICON_NAME = AppIcon;
				ASSETCATALOG_COMPILER_GLOBAL_ACCENT_COLOR_NAME = AccentColor;
				CODE_SIGN_IDENTITY = "Apple Development";
				CODE_SIGN_STYLE = Automatic;
				CURRENT_PROJECT_VERSION = 1;
				DEVELOPMENT_TEAM = 8QS9TN9HKL;
				GENERATE_INFOPLIST_FILE = YES;
				INFOPLIST_FILE = duoHome/Info.plist;
				INFOPLIST_KEY_UIApplicationSupportsIndirectInputEvents = YES;
				INFOPLIST_KEY_UILaunchStoryboardName = LaunchScreen;
				INFOPLIST_KEY_UIMainStoryboardFile = Main;
				INFOPLIST_KEY_UISupportedInterfaceOrientations_iPad = "UIInterfaceOrientationPortrait UIInterfaceOrientationPortraitUpsideDown UIInterfaceOrientationLandscapeLeft UIInterfaceOrientationLandscapeRight";
				INFOPLIST_KEY_UISupportedInterfaceOrientations_iPhone = "UIInterfaceOrientationPortrait UIInterfaceOrientationLandscapeLeft UIInterfaceOrientationLandscapeRight";
				LD_RUNPATH_SEARCH_PATHS = (
					"$(inherited)",
					"@executable_path/Frameworks",
				);
				MARKETING_VERSION = 1.0;
				PRODUCT_BUNDLE_IDENTIFIER = com.example.duoHome;
				PRODUCT_NAME = "$(TARGET_NAME)";
				PROVISIONING_PROFILE_SPECIFIER = "";
				SWIFT_EMIT_LOC_STRINGS = YES;
				SWIFT_VERSION = 5.0;
				TARGETED_DEVICE_FAMILY = "1,2";
			};
			name = Debug;
		};
		71E26F692D6C4C4F000A7CBF /* Release */ = {
			isa = XCBuildConfiguration;
			buildSettings = {
				ASSETCATALOG_COMPILER_APPICON_NAME = AppIcon;
				ASSETCATALOG_COMPILER_GLOBAL_ACCENT_COLOR_NAME = AccentColor;
				CODE_SIGN_IDENTITY = "Apple Development";
				CODE_SIGN_STYLE = Automatic;
				CURRENT_PROJECT_VERSION = 1;
				DEVELOPMENT_TEAM = 8QS9TN9HKL;
				GENERATE_INFOPLIST_FILE = YES;
				INFOPLIST_FILE = duoHome/Info.plist;
				INFOPLIST_KEY_UIApplicationSupportsIndirectInputEvents = YES;
				INFOPLIST_KEY_UILaunchStoryboardName = LaunchScreen;
				INFOPLIST_KEY_UIMainStoryboardFile = Main;
				INFOPLIST_KEY_UISupportedInterfaceOrientations_iPad = "UIInterfaceOrientationPortrait UIInterfaceOrientationPortraitUpsideDown UIInterfaceOrientationLandscapeLeft UIInterfaceOrientationLandscapeRight";
				INFOPLIST_KEY_UISupportedInterfaceOrientations_iPhone = "UIInterfaceOrientationPortrait UIInterfaceOrientationLandscapeLeft UIInterfaceOrientationLandscapeRight";
				LD_RUNPATH_SEARCH_PATHS = (
					"$(inherited)",
					"@executable_path/Frameworks",
				);
				MARKETING_VERSION = 1.0;
				PRODUCT_BUNDLE_IDENTIFIER = com.example.duoHome;
				PRODUCT_NAME = "$(TARGET_NAME)";
				PROVISIONING_PROFILE_SPECIFIER = "";
				SWIFT_EMIT_LOC_STRINGS = YES;
				SWIFT_VERSION = 5.0;
				TARGETED_DEVICE_FAMILY = "1,2";
			};
			name = Release;
		};
		71E26F6A2D6C4C4F000A7CBF /* Debug */ = {
			isa = XCBuildConfiguration;
			buildSettings = {
				ALWAYS_SEARCH_USER_PATHS = NO;
				ASSETCATALOG_COMPILER_GENERATE_SWIFT_ASSET_SYMBOL_EXTENSIONS = YES;
				CLANG_ANALYZER_NONNULL = YES;
				CLANG_ANALYZER_NUMBER_OBJECT_CONVERSION = YES_AGGRESSIVE;
				CLANG_CXX_LANGUAGE_STANDARD = "gnu++20";
				CLANG_ENABLE_MODULES = YES;
				CLANG_ENABLE_OBJC_ARC = YES;
				CLANG_ENABLE_OBJC_WEAK = YES;
				CLANG_WARN_BLOCK_CAPTURE_AUTORELEASING = YES;
				CLANG_WARN_BOOL_CONVERSION = YES;
				CLANG_WARN_COMMA = YES;
				CLANG_WARN_CONSTANT_CONVERSION = YES;
				CLANG_WARN_DEPRECATED_OBJC_IMPLEMENTATIONS = YES;
				CLANG_WARN_DIRECT_OBJC_ISA_USAGE = YES_ERROR;
				CLANG_WARN_DOCUMENTATION_COMMENTS = YES;
				CLANG_WARN_EMPTY_BODY = YES;
				CLANG_WARN_ENUM_CONVERSION = YES;
				CLANG_WARN_INFINITE_RECURSION = YES;
				CLANG_WARN_INT_CONVERSION = YES;
				CLANG_WARN_NON_LITERAL_NULL_CONVERSION = YES;
				CLANG_WARN_OBJC_IMPLICIT_RETAIN_SELF = YES;
				CLANG_WARN_OBJC_LITERAL_CONVERSION = YES;
				CLANG_WARN_OBJC_ROOT_CLASS = YES_ERROR;
				CLANG_WARN_QUOTED_INCLUDE_IN_FRAMEWORK_HEADER = YES;
				CLANG_WARN_RANGE_LOOP_ANALYSIS = YES;
				CLANG_WARN_STRICT_PROTOTYPES = YES;
				CLANG_WARN_SUSPICIOUS_MOVE = YES;
				CLANG_WARN_UNGUARDED_AVAILABILITY = YES_AGGRESSIVE;
				CLANG_WARN_UNREACHABLE_CODE = YES;
				CLANG_WARN__DUPLICATE_METHOD_MATCH = YES;
				COPY_PHASE_STRIP = NO;
				DEBUG_INFORMATION_FORMAT = dwarf;
				ENABLE_STRICT_OBJC_MSGSEND = YES;
				ENABLE_TESTABILITY = YES;
				ENABLE_USER_SCRIPT_SANDBOXING = YES;
				GCC_C_LANGUAGE_STANDARD = gnu17;
				GCC_DYNAMIC_NO_PIC = NO;
				GCC_NO_COMMON_BLOCKS = YES;
				GCC_OPTIMIZATION_LEVEL = 0;
				GCC_PREPROCESSOR_DEFINITIONS = (
					"DEBUG=1",
					"$(inherited)",
				);
				GCC_WARN_64_TO_32_BIT_CONVERSION = YES;
				GCC_WARN_ABOUT_RETURN_TYPE = YES_ERROR;
				GCC_WARN_UNDECLARED_SELECTOR = YES;
				GCC_WARN_UNINITIALIZED_AUTOS = YES_AGGRESSIVE;
				GCC_WARN_UNUSED_FUNCTION = YES;
				GCC_WARN_UNUSED_VARIABLE = YES;
				IPHONEOS_DEPLOYMENT_TARGET = 18.1;
				LOCALIZATION_PREFERS_STRING_CATALOGS = YES;
				MTL_ENABLE_DEBUG_INFO = INCLUDE_SOURCE;
				MTL_FAST_MATH = YES;
				ONLY_ACTIVE_ARCH = YES;
				SDKROOT = iphoneos;
				SWIFT_ACTIVE_COMPILATION_CONDITIONS = "DEBUG $(inherited)";
				SWIFT_OPTIMIZATION_LEVEL = "-Onone";
			};
			name = Debug;
		};
		71E26F6B2D6C4C4F000A7CBF /* Release */ = {
			isa = XCBuildConfiguration;
			buildSettings = {
				ALWAYS_SEARCH_USER_PATHS = NO;
				ASSETCATALOG_COMPILER_GENERATE_SWIFT_ASSET_SYMBOL_EXTENSIONS = YES;
				CLANG_ANALYZER_NONNULL = YES;
				CLANG_ANALYZER_NUMBER_OBJECT_CONVERSION = YES_AGGRESSIVE;
				CLANG_CXX_LANGUAGE_STANDARD = "gnu++20";
				CLANG_ENABLE_MODULES = YES;
				CLANG_ENABLE_OBJC_ARC = YES;
				CLANG_ENABLE_OBJC_WEAK = YES;
				CLANG_WARN_BLOCK_CAPTURE_AUTORELEASING = YES;
				CLANG_WARN_BOOL_CONVERSION = YES;
				CLANG_WARN_COMMA = YES;
				CLANG_WARN_CONSTANT_CONVERSION = YES;
				CLANG_WARN_DEPRECATED_OBJC_IMPLEMENTATIONS = YES;
				CLANG_WARN_DIRECT_OBJC_ISA_USAGE = YES_ERROR;
				CLANG_WARN_DOCUMENTATION_COMMENTS = YES;
				CLANG_WARN_EMPTY_BODY = YES;
				CLANG_WARN_ENUM_CONVERSION = YES;
				CLANG_WARN_INFINITE_RECURSION = YES;
				CLANG_WARN_INT_CONVERSION = YES;
				CLANG_WARN_NON_LITERAL_NULL_CONVERSION = YES;
				CLANG_WARN_OBJC_IMPLICIT_RETAIN_SELF = YES;
				CLANG_WARN_OBJC_LITERAL_CONVERSION = YES;
				CLANG_WARN_OBJC_ROOT_CLASS = YES_ERROR;
				CLANG_WARN_QUOTED_INCLUDE_IN_FRAMEWORK_HEADER = YES;
				CLANG_WARN_RANGE_LOOP_ANALYSIS = YES;
				CLANG_WARN_STRICT_PROTOTYPES = YES;
				CLANG_WARN_SUSPICIOUS_MOVE = YES;
				CLANG_WARN_UNGUARDED_AVAILABILITY = YES_AGGRESSIVE;
				CLANG_WARN_UNREACHABLE_CODE = YES;
				CLANG_WARN__DUPLICATE_METHOD_MATCH = YES;
				COPY_PHASE_STRIP = NO;
				DEBUG_INFORMATION_FORMAT = "dwarf-with-dsym";
				ENABLE_NS_ASSERTIONS = NO;
				ENABLE_STRICT_OBJC_MSGSEND = YES;
				ENABLE_USER_SCRIPT_SANDBOXING = YES;
				GCC_C_LANGUAGE_STANDARD = gnu17;
				GCC_NO_COMMON_BLOCKS = YES;
				GCC_WARN_64_TO_32_BIT_CONVERSION = YES;
				GCC_WARN_ABOUT_RETURN_TYPE = YES_ERROR;
				GCC_WARN_UNDECLARED_SELECTOR = YES;
				GCC_WARN_UNINITIALIZED_AUTOS = YES_AGGRESSIVE;
				GCC_WARN_UNUSED_FUNCTION = YES;
				GCC_WARN_UNUSED_VARIABLE = YES;
				IPHONEOS_DEPLOYMENT_TARGET = 18.1;
				LOCALIZATION_PREFERS_STRING_CATALOGS = YES;
				MTL_ENABLE_DEBUG_INFO = NO;
				MTL_FAST_MATH = YES;
				SDKROOT = iphoneos;
				SWIFT_COMPILATION_MODE = wholemodule;
				VALIDATE_PRODUCT = YES;
			};
			name = Release;
		};
		71E26F6D2D6C4C4F000A7CBF /* Debug */ = {
			isa = XCBuildConfiguration;
			buildSettings = {
				BUNDLE_LOADER = "$(TEST_HOST)";
				CODE_SIGN_STYLE = Automatic;
				CURRENT_PROJECT_VERSION = 1;
				GENERATE_INFOPLIST_FILE = YES;
				IPHONEOS_DEPLOYMENT_TARGET = 18.1;
				MARKETING_VERSION = 1.0;
				PRODUCT_BUNDLE_IDENTIFIER = com.example.duoHomeTests;
				PRODUCT_NAME = "$(TARGET_NAME)";
				SWIFT_EMIT_LOC_STRINGS = NO;
				SWIFT_VERSION = 5.0;
				TARGETED_DEVICE_FAMILY = "1,2";
				TEST_HOST = "$(BUILT_PRODUCTS_DIR)/duoHome.app/$(BUNDLE_EXECUTABLE_FOLDER_PATH)/duoHome";
			};
			name = Debug;
		};
		71E26F6E2D6C4C4F000A7CBF /* Release */ = {
			isa = XCBuildConfiguration;
			buildSettings = {
				BUNDLE_LOADER = "$(TEST_HOST)";
				CODE_SIGN_STYLE = Automatic;
				CURRENT_PROJECT_VERSION = 1;
				GENERATE_INFOPLIST_FILE = YES;
				IPHONEOS_DEPLOYMENT_TARGET = 18.1;
				MARKETING_VERSION = 1.0;
				PRODUCT_BUNDLE_IDENTIFIER = com.example.duoHomeTests;
				PRODUCT_NAME = "$(TARGET_NAME)";
				SWIFT_EMIT_LOC_STRINGS = NO;
				SWIFT_VERSION = 5.0;
				TARGETED_DEVICE_FAMILY = "1,2";
				TEST_HOST = "$(BUILT_PRODUCTS_DIR)/duoHome.app/$(BUNDLE_EXECUTABLE_FOLDER_PATH)/duoHome";
			};
			name = Release;
		};
		71E26F702D6C4C4F000A7CBF /* Debug */ = {
			isa = XCBuildConfiguration;
			buildSettings = {
				CODE_SIGN_STYLE = Automatic;
				CURRENT_PROJECT_VERSION = 1;
				GENERATE_INFOPLIST_FILE = YES;
				MARKETING_VERSION = 1.0;
				PRODUCT_BUNDLE_IDENTIFIER = com.example.duoHomeUITests;
				PRODUCT_NAME = "$(TARGET_NAME)";
				SWIFT_EMIT_LOC_STRINGS = NO;
				SWIFT_VERSION = 5.0;
				TARGETED_DEVICE_FAMILY = "1,2";
				TEST_TARGET_NAME = duoHome;
			};
			name = Debug;
		};
		71E26F712D6C4C4F000A7CBF /* Release */ = {
			isa = XCBuildConfiguration;
			buildSettings = {
				CODE_SIGN_STYLE = Automatic;
				CURRENT_PROJECT_VERSION = 1;
				GENERATE_INFOPLIST_FILE = YES;
				MARKETING_VERSION = 1.0;
				PRODUCT_BUNDLE_IDENTIFIER = com.example.duoHomeUITests;
				PRODUCT_NAME = "$(TARGET_NAME)";
				SWIFT_EMIT_LOC_STRINGS = NO;
				SWIFT_VERSION = 5.0;
				TARGETED_DEVICE_FAMILY = "1,2";
				TEST_TARGET_NAME = duoHome;
			};
			name = Release;
		};
/* End XCBuildConfiguration section */

/* Begin XCConfigurationList section */
		71E26F362D6C4C4D000A7CBF /* Build configuration list for PBXProject "duoHome" */ = {
			isa = XCConfigurationList;
			buildConfigurations = (
				71E26F6A2D6C4C4F000A7CBF /* Debug */,
				71E26F6B2D6C4C4F000A7CBF /* Release */,
			);
			defaultConfigurationIsVisible = 0;
			defaultConfigurationName = Release;
		};
		71E26F672D6C4C4F000A7CBF /* Build configuration list for PBXNativeTarget "duoHome" */ = {
			isa = XCConfigurationList;
			buildConfigurations = (
				71E26F682D6C4C4F000A7CBF /* Debug */,
				71E26F692D6C4C4F000A7CBF /* Release */,
			);
			defaultConfigurationIsVisible = 0;
			defaultConfigurationName = Release;
		};
		71E26F6C2D6C4C4F000A7CBF /* Build configuration list for PBXNativeTarget "duoHomeTests" */ = {
			isa = XCConfigurationList;
			buildConfigurations = (
				71E26F6D2D6C4C4F000A7CBF /* Debug */,
				71E26F6E2D6C4C4F000A7CBF /* Release */,
			);
			defaultConfigurationIsVisible = 0;
			defaultConfigurationName = Release;
		};
		71E26F6F2D6C4C4F000A7CBF /* Build configuration list for PBXNativeTarget "duoHomeUITests" */ = {
			isa = XCConfigurationList;
			buildConfigurations = (
				71E26F702D6C4C4F000A7CBF /* Debug */,
				71E26F712D6C4C4F000A7CBF /* Release */,
			);
			defaultConfigurationIsVisible = 0;
			defaultConfigurationName = Release;
		};
/* End XCConfigurationList section */
	};
	rootObject = 71E26F332D6C4C4D000A7CBF /* Project object */;
}
